schema: '2.0'
stages:
  materialise:
    cmd: python -m pipeline.materialise --config params.yaml
    deps:
    - path: data/manifests/dev.jsonl
      hash: md5
      md5: 7a9a59bdad32f78d872d144a2009362b
      size: 169340
    - path: data/manifests/train.jsonl
      hash: md5
      md5: 065c4390352abe42258757420531944f
      size: 14332780
    - path: src/pipeline/materialise.py
      hash: md5
      md5: c2dbdbb6a9d9b087b522733ee540077d
      size: 4649
    params:
      params.yaml:
        select.drive_root: ~/google-drive/Pre Processed Data
    outs:
    - path: data/raw/
      hash: md5
      md5: 13e8deeb3eb9b1c73002a705943fb1d2.dir
      size: 22547079700
      nfiles: 31356
    - path: reports/materialise.json
      hash: md5
      md5: 1ae3db3b0d6084ed4482882bdefd0db5
      size: 191
  shard:
    cmd: python -m pipeline.shard --config params.yaml
    deps:
    - path: data/manifests/train.jsonl
      hash: md5
      md5: 065c4390352abe42258757420531944f
      size: 14332780
    - path: data/raw/
      hash: md5
      md5: 13e8deeb3eb9b1c73002a705943fb1d2.dir
      size: 22547079700
      nfiles: 31356
    - path: src/pipeline/shard.py
      hash: md5
      md5: 6b9d42e608e0b39df2eddb05196cd378
      size: 7910
    params:
      params.yaml:
        shard:
          format: flac
          shard_size: 1000
          min_cut_seconds: 5.0
          target_cut_seconds: 15.0
          max_cut_seconds: 30.0
          output_dir: data/shars
    outs:
    - path: data/shars/
      hash: md5
      md5: 342a4a3a07d947c9bb186e683f053fa5.dir
      size: 12666291234
      nfiles: 74
  index_drive:
    cmd: python -m pipeline.drive_index --config params.yaml
    deps:
    - path: data/catalog/catalog_latest.csv
      hash: md5
      md5: c4a9926fdd1f20100726d0a85e9e5090
      size: 141067082
    - path: src/pipeline/drive_index.py
      hash: md5
      md5: 2cfee51caf330975504c9ea31b9f791f
      size: 3389
    params:
      params.yaml:
        select.drive_index_path: data/catalog/drive_index.tsv
        select.drive_root: ~/google-drive/Pre Processed Data
    outs:
    - path: data/catalog/drive_index.tsv
      hash: md5
      md5: 8f0da4efecb151e3356ce5b9eaf50456
      size: 50427110
  select:
    cmd: python -m pipeline.select --config params.yaml
    deps:
    - path: data/catalog/catalog_latest.csv
      hash: md5
      md5: c4a9926fdd1f20100726d0a85e9e5090
      size: 141067082
    - path: data/catalog/drive_index.tsv
      hash: md5
      md5: 8f0da4efecb151e3356ce5b9eaf50456
      size: 50427110
    - path: src/pipeline/drive_index.py
      hash: md5
      md5: 2cfee51caf330975504c9ea31b9f791f
      size: 3389
    - path: src/pipeline/select.py
      hash: md5
      md5: ebb84168eff80dfd195f977cf6464ae8
      size: 17427
    params:
      params.yaml:
        select:
          seed: 1337
          target_hours: 200.0
          language_mix:
            sinhala: 0.5
            tamil: 0.5
          min_segment_seconds: 3.0
          max_segment_seconds: 900
          max_hours_per_channel: 12.0
          holdout_hours: 2.0
          catalog_path: data/catalog/catalog_latest.csv
          exclude_channels_file: data/catalog/eval_contamination_blocklist.txt
          drive_root: ~/google-drive/Pre Processed Data
          drive_index_path: data/catalog/drive_index.tsv
    outs:
    - path: data/manifests/dev.jsonl
      hash: md5
      md5: 7a9a59bdad32f78d872d144a2009362b
      size: 169340
    - path: data/manifests/train.jsonl
      hash: md5
      md5: 065c4390352abe42258757420531944f
      size: 14332780
    - path: reports/selection_report.md
      hash: md5
      md5: d37a081c3b8a4ee8cb57b8a00d9bdfba
      size: 2457
    - path: reports/selection_stats.json
      hash: md5
      md5: 34e1adedbac93e199888378f833f7fe9
      size: 774
    - path: reports/unresolved_clips.csv
      hash: md5
      md5: 2a39f8c8d6424d04a43b31e0160bc0b7
      size: 4872
  select_checkpoint:
    cmd: python -m pipeline.select_checkpoint --config params.yaml
    deps:
    - path: models/mhubert147-si-ta-200h/
      hash: md5
      md5: 215fb8d842fc91a79800dbfaea1f95b9.dir
      size: 9208434712
      nfiles: 44
    - path: src/pipeline/select_checkpoint.py
      hash: md5
      md5: 475aeb8bb52498a2fb7abdc1dbd617c0
      size: 6130
    params:
      params.yaml:
        checkpoint_selection:
          proxy_task: asr
          proxy_data_dir: ../SLSB-benchmark/data
          proxy_seed: 0
          output_dir: models/selected
    outs:
    - path: models/selected/
      hash: md5
      md5: 1e56af8ff87d7bf6f1bd45b9ad3f5fbf.dir
      size: 1103672781
      nfiles: 5
    - path: reports/checkpoint_selection.json
      hash: md5
      md5: 91ab1a7c11d583371b3b14f8972e67ab
      size: 272
  benchmark:
    cmd: "bash scripts/run_benchmark.sh models/selected asr,sid,er,asv 0,1,2 reports/bench/mhubert147_adapted
      https://dagshub.com/EchoVerge-LABS/Model-Training-Pipeline.mlflow ../SLSB-benchmark/data\n"
    deps:
    - path: models/selected/
      hash: md5
      md5: 1e56af8ff87d7bf6f1bd45b9ad3f5fbf.dir
      size: 1103672781
      nfiles: 5
    - path: scripts/run_benchmark.sh
      hash: md5
      md5: 00fc8de27ec480bc42553b0c064bc5dd
      size: 1618
      isexec: true
    params:
      params.yaml:
        benchmark.seeds: 0,1,2
        benchmark.slsb_data_dir: ../SLSB-benchmark/data
        benchmark.tasks: asr,sid,er,asv
    outs:
    - path: reports/bench/mhubert147_adapted/metrics.json
      hash: md5
      md5: f56fd88c62ff02cd5b5662b4171c47bf
      size: 8909
